
Microsoft Visual Studio Solution File, Format Version 12.00
Project("{FAE04EC0-301F-11D3-BF4B-00C04F79EFBC}") = "LinqSpeedDemo", "LinqSpeedDemo\LinqSpeedDemo.csproj", "{7C8EC776-F749-42D1-92C9-5248618E0031}"
EndProject
Project("{2150E333-8FDC-42A3-9474-1A3956D46DE8}") = "Solution Items", "Solution Items", "{0C50D8EB-0CF3-4528-AD00-3B8AA25CA31A}"
	ProjectSection(SolutionItems) = preProject
		README.md = README.md
	EndProjectSection
EndProject
Global
	GlobalSection(SolutionConfigurationPlatforms) = preSolution
		Debug|Any CPU = Debug|Any CPU
		Release|Any CPU = Release|Any CPU
	EndGlobalSection
	GlobalSection(ProjectConfigurationPlatforms) = postSolution
		{7C8EC776-F749-42D1-92C9-5248618E0031}.Debug|Any CPU.ActiveCfg = Debug|Any CPU
		{7C8EC776-F749-42D1-92C9-5248618E0031}.Debug|Any CPU.Build.0 = Debug|Any CPU
		{7C8EC776-F749-42D1-92C9-5248618E0031}.Release|Any CPU.ActiveCfg = Release|Any CPU
		{7C8EC776-F749-42D1-92C9-5248618E0031}.Release|Any CPU.Build.0 = Release|Any CPU
	EndGlobalSection
EndGlobal
